
Microsoft Visual Studio Solution File, Format Version 12.00
# Visual Studio Version 16
VisualStudioVersion = 16.0.30225.117
MinimumVisualStudioVersion = 10.0.40219.1
Project("{9A19103F-16F7-4668-BE54-9A1E7A4F7556}") = "Geek.DynamicJSProxies", "Geek.DynamicJSProxies.csproj", "{40B05F5C-F6B7-463D-9EB5-0174A0AA65D4}"
EndProject
Project("{FAE04EC0-301F-11D3-BF4B-00C04F79EFBC}") = "Geek.DynamicJSProxies.Samples", "..\samples\Geek.DynamicJSProxies.Samples\Geek.DynamicJSProxies.Samples.csproj", "{F9F8036D-8FD0-4B9A-BC57-D4164044A94B}"
EndProject
Global
	GlobalSection(SolutionConfigurationPlatforms) = preSolution
		Debug|Any CPU = Debug|Any CPU
		Release|Any CPU = Release|Any CPU
	EndGlobalSection
	GlobalSection(ProjectConfigurationPlatforms) = postSolution
		{40B05F5C-F6B7-463D-9EB5-0174A0AA65D4}.Debug|Any CPU.ActiveCfg = Debug|Any CPU
		{40B05F5C-F6B7-463D-9EB5-0174A0AA65D4}.Debug|Any CPU.Build.0 = Debug|Any CPU
		{40B05F5C-F6B7-463D-9EB5-0174A0AA65D4}.Release|Any CPU.ActiveCfg = Release|Any CPU
		{40B05F5C-F6B7-463D-9EB5-0174A0AA65D4}.Release|Any CPU.Build.0 = Release|Any CPU
		{F9F8036D-8FD0-4B9A-BC57-D4164044A94B}.Debug|Any CPU.ActiveCfg = Debug|Any CPU
		{F9F8036D-8FD0-4B9A-BC57-D4164044A94B}.Debug|Any CPU.Build.0 = Debug|Any CPU
		{F9F8036D-8FD0-4B9A-BC57-D4164044A94B}.Release|Any CPU.ActiveCfg = Release|Any CPU
		{F9F8036D-8FD0-4B9A-BC57-D4164044A94B}.Release|Any CPU.Build.0 = Release|Any CPU
	EndGlobalSection
	GlobalSection(SolutionProperties) = preSolution
		HideSolutionNode = FALSE
	EndGlobalSection
	GlobalSection(ExtensibilityGlobals) = postSolution
		SolutionGuid = {ECF3C3FE-ABBC-4757-913E-F05C0A5E2AD0}
	EndGlobalSection
EndGlobal
